
Microsoft Visual Studio Solution File, Format Version 12.00
# Visual Studio Version 18
VisualStudioVersion = 18.8.11925.187
MinimumVisualStudioVersion = 10.0.40219.1
Project("{FAE04EC0-301F-11D3-BF4B-00C04F79EFBC}") = "NexHire.Domain", "src\NexHire.Domain\NexHire.Domain.csproj", "{9A4B3C2D-1E6F-4A7B-8C9D-0E1F2A3B4C5D}"
EndProject
Project("{FAE04EC0-301F-11D3-BF4B-00C04F79EFBC}") = "NexHire.Infrastructure", "src\NexHire.Infrastructure\NexHire.Infrastructure.csproj", "{8B7C6D5E-2F1A-4B3C-9D0E-1F2A3B4C5D6E}"
EndProject
Project("{FAE04EC0-301F-11D3-BF4B-00C04F79EFBC}") = "NexHire.Api", "src\NexHire.Api\NexHire.Api.csproj", "{7C6D5E4F-3A2B-1C4D-8E9F-0A1B2C3D4E5F}"
EndProject
Project("{FAE04EC0-301F-11D3-BF4B-00C04F79EFBC}") = "NexHire.Application", "src\NexHire.Application\NexHire.Application.csproj", "{47B32BCF-FE1C-4E2F-9AFB-88B235072237}"
EndProject
Project("{2150E333-8FDC-42A3-9474-1A3956D46DE8}") = "tests", "tests", "{0AB3BF05-4346-4AA6-1389-037BE0695223}"
EndProject
Project("{FAE04EC0-301F-11D3-BF4B-00C04F79EFBC}") = "NexHire.Application.Tests", "tests\NexHire.Application.Tests\NexHire.Application.Tests.csproj", "{467D2EBB-C536-4822-B3A9-91095D27DC2D}"
EndProject
Global
	GlobalSection(SolutionConfigurationPlatforms) = preSolution
		Debug|Any CPU = Debug|Any CPU
		Debug|x64 = Debug|x64
		Debug|x86 = Debug|x86
		Release|Any CPU = Release|Any CPU
		Release|x64 = Release|x64
		Release|x86 = Release|x86
	EndGlobalSection
	GlobalSection(ProjectConfigurationPlatforms) = postSolution
		{9A4B3C2D-1E6F-4A7B-8C9D-0E1F2A3B4C5D}.Debug|Any CPU.ActiveCfg = Debug|Any CPU
		{9A4B3C2D-1E6F-4A7B-8C9D-0E1F2A3B4C5D}.Debug|Any CPU.Build.0 = Debug|Any CPU
		{9A4B3C2D-1E6F-4A7B-8C9D-0E1F2A3B4C5D}.Debug|x64.ActiveCfg = Debug|Any CPU
		{9A4B3C2D-1E6F-4A7B-8C9D-0E1F2A3B4C5D}.Debug|x64.Build.0 = Debug|Any CPU
		{9A4B3C2D-1E6F-4A7B-8C9D-0E1F2A3B4C5D}.Debug|x86.ActiveCfg = Debug|Any CPU
		{9A4B3C2D-1E6F-4A7B-8C9D-0E1F2A3B4C5D}.Debug|x86.Build.0 = Debug|Any CPU
		{9A4B3C2D-1E6F-4A7B-8C9D-0E1F2A3B4C5D}.Release|Any CPU.ActiveCfg = Release|Any CPU
		{9A4B3C2D-1E6F-4A7B-8C9D-0E1F2A3B4C5D}.Release|Any CPU.Build.0 = Release|Any CPU
		{9A4B3C2D-1E6F-4A7B-8C9D-0E1F2A3B4C5D}.Release|x64.ActiveCfg = Release|Any CPU
		{9A4B3C2D-1E6F-4A7B-8C9D-0E1F2A3B4C5D}.Release|x64.Build.0 = Release|Any CPU
		{9A4B3C2D-1E6F-4A7B-8C9D-0E1F2A3B4C5D}.Release|x86.ActiveCfg = Release|Any CPU
		{9A4B3C2D-1E6F-4A7B-8C9D-0E1F2A3B4C5D}.Release|x86.Build.0 = Release|Any CPU
		{8B7C6D5E-2F1A-4B3C-9D0E-1F2A3B4C5D6E}.Debug|Any CPU.ActiveCfg = Debug|Any CPU
		{8B7C6D5E-2F1A-4B3C-9D0E-1F2A3B4C5D6E}.Debug|Any CPU.Build.0 = Debug|Any CPU
		{8B7C6D5E-2F1A-4B3C-9D0E-1F2A3B4C5D6E}.Debug|x64.ActiveCfg = Debug|Any CPU
		{8B7C6D5E-2F1A-4B3C-9D0E-1F2A3B4C5D6E}.Debug|x64.Build.0 = Debug|Any CPU
		{8B7C6D5E-2F1A-4B3C-9D0E-1F2A3B4C5D6E}.Debug|x86.ActiveCfg = Debug|Any CPU
		{8B7C6D5E-2F1A-4B3C-9D0E-1F2A3B4C5D6E}.Debug|x86.Build.0 = Debug|Any CPU
		{8B7C6D5E-2F1A-4B3C-9D0E-1F2A3B4C5D6E}.Release|Any CPU.ActiveCfg = Release|Any CPU
		{8B7C6D5E-2F1A-4B3C-9D0E-1F2A3B4C5D6E}.Release|Any CPU.Build.0 = Release|Any CPU
		{8B7C6D5E-2F1A-4B3C-9D0E-1F2A3B4C5D6E}.Release|x64.ActiveCfg = Release|Any CPU
		{8B7C6D5E-2F1A-4B3C-9D0E-1F2A3B4C5D6E}.Release|x64.Build.0 = Release|Any CPU
		{8B7C6D5E-2F1A-4B3C-9D0E-1F2A3B4C5D6E}.Release|x86.ActiveCfg = Release|Any CPU
		{8B7C6D5E-2F1A-4B3C-9D0E-1F2A3B4C5D6E}.Release|x86.Build.0 = Release|Any CPU
		{7C6D5E4F-3A2B-1C4D-8E9F-0A1B2C3D4E5F}.Debug|Any CPU.ActiveCfg = Debug|Any CPU
		{7C6D5E4F-3A2B-1C4D-8E9F-0A1B2C3D4E5F}.Debug|Any CPU.Build.0 = Debug|Any CPU
		{7C6D5E4F-3A2B-1C4D-8E9F-0A1B2C3D4E5F}.Debug|x64.ActiveCfg = Debug|Any CPU
		{7C6D5E4F-3A2B-1C4D-8E9F-0A1B2C3D4E5F}.Debug|x64.Build.0 = Debug|Any CPU
		{7C6D5E4F-3A2B-1C4D-8E9F-0A1B2C3D4E5F}.Debug|x86.ActiveCfg = Debug|Any CPU
		{7C6D5E4F-3A2B-1C4D-8E9F-0A1B2C3D4E5F}.Debug|x86.Build.0 = Debug|Any CPU
		{7C6D5E4F-3A2B-1C4D-8E9F-0A1B2C3D4E5F}.Release|Any CPU.ActiveCfg = Release|Any CPU
		{7C6D5E4F-3A2B-1C4D-8E9F-0A1B2C3D4E5F}.Release|Any CPU.Build.0 = Release|Any CPU
		{7C6D5E4F-3A2B-1C4D-8E9F-0A1B2C3D4E5F}.Release|x64.ActiveCfg = Release|Any CPU
		{7C6D5E4F-3A2B-1C4D-8E9F-0A1B2C3D4E5F}.Release|x64.Build.0 = Release|Any CPU
		{7C6D5E4F-3A2B-1C4D-8E9F-0A1B2C3D4E5F}.Release|x86.ActiveCfg = Release|Any CPU
		{7C6D5E4F-3A2B-1C4D-8E9F-0A1B2C3D4E5F}.Release|x86.Build.0 = Release|Any CPU
		{47B32BCF-FE1C-4E2F-9AFB-88B235072237}.Debug|Any CPU.ActiveCfg = Debug|Any CPU
		{47B32BCF-FE1C-4E2F-9AFB-88B235072237}.Debug|Any CPU.Build.0 = Debug|Any CPU
		{47B32BCF-FE1C-4E2F-9AFB-88B235072237}.Debug|x64.ActiveCfg = Debug|Any CPU
		{47B32BCF-FE1C-4E2F-9AFB-88B235072237}.Debug|x64.Build.0 = Debug|Any CPU
		{47B32BCF-FE1C-4E2F-9AFB-88B235072237}.Debug|x86.ActiveCfg = Debug|Any CPU
		{47B32BCF-FE1C-4E2F-9AFB-88B235072237}.Debug|x86.Build.0 = Debug|Any CPU
		{47B32BCF-FE1C-4E2F-9AFB-88B235072237}.Release|Any CPU.ActiveCfg = Release|Any CPU
		{47B32BCF-FE1C-4E2F-9AFB-88B235072237}.Release|Any CPU.Build.0 = Release|Any CPU
		{47B32BCF-FE1C-4E2F-9AFB-88B235072237}.Release|x64.ActiveCfg = Release|Any CPU
		{47B32BCF-FE1C-4E2F-9AFB-88B235072237}.Release|x64.Build.0 = Release|Any CPU
		{47B32BCF-FE1C-4E2F-9AFB-88B235072237}.Release|x86.ActiveCfg = Release|Any CPU
		{47B32BCF-FE1C-4E2F-9AFB-88B235072237}.Release|x86.Build.0 = Release|Any CPU
		{467D2EBB-C536-4822-B3A9-91095D27DC2D}.Debug|Any CPU.ActiveCfg = Debug|Any CPU
		{467D2EBB-C536-4822-B3A9-91095D27DC2D}.Debug|Any CPU.Build.0 = Debug|Any CPU
		{467D2EBB-C536-4822-B3A9-91095D27DC2D}.Debug|x64.ActiveCfg = Debug|Any CPU
		{467D2EBB-C536-4822-B3A9-91095D27DC2D}.Debug|x64.Build.0 = Debug|Any CPU
		{467D2EBB-C536-4822-B3A9-91095D27DC2D}.Debug|x86.ActiveCfg = Debug|Any CPU
		{467D2EBB-C536-4822-B3A9-91095D27DC2D}.Debug|x86.Build.0 = Debug|Any CPU
		{467D2EBB-C536-4822-B3A9-91095D27DC2D}.Release|Any CPU.ActiveCfg = Release|Any CPU
		{467D2EBB-C536-4822-B3A9-91095D27DC2D}.Release|Any CPU.Build.0 = Release|Any CPU
		{467D2EBB-C536-4822-B3A9-91095D27DC2D}.Release|x64.ActiveCfg = Release|Any CPU
		{467D2EBB-C536-4822-B3A9-91095D27DC2D}.Release|x64.Build.0 = Release|Any CPU
		{467D2EBB-C536-4822-B3A9-91095D27DC2D}.Release|x86.ActiveCfg = Release|Any CPU
		{467D2EBB-C536-4822-B3A9-91095D27DC2D}.Release|x86.Build.0 = Release|Any CPU
	EndGlobalSection
	GlobalSection(SolutionProperties) = preSolution
		HideSolutionNode = FALSE
	EndGlobalSection
	GlobalSection(NestedProjects) = preSolution
		{467D2EBB-C536-4822-B3A9-91095D27DC2D} = {0AB3BF05-4346-4AA6-1389-037BE0695223}
	EndGlobalSection
EndGlobal
